
Microsoft Visual Studio Solution File, Format Version 12.00
# Visual Studio Version 17
VisualStudioVersion = 17.14.36414.22 d17.14
MinimumVisualStudioVersion = 10.0.40219.1
Project("{FAE04EC0-301F-11D3-BF4B-00C04F79EFBC}") = "Timer", "Timer.csproj", "{EC576E5A-D3F7-45AC-806D-7DE3265822DC}"
EndProject
Global
	GlobalSection(SolutionConfigurationPlatforms) = preSolution
		Debug|Any CPU = Debug|Any CPU
		Release|Any CPU = Release|Any CPU
	EndGlobalSection
	GlobalSection(ProjectConfigurationPlatforms) = postSolution
		{EC576E5A-D3F7-45AC-806D-7DE3265822DC}.Debug|Any CPU.ActiveCfg = Debug|Any CPU
		{EC576E5A-D3F7-45AC-806D-7DE3265822DC}.Debug|Any CPU.Build.0 = Debug|Any CPU
		{EC576E5A-D3F7-45AC-806D-7DE3265822DC}.Release|Any CPU.ActiveCfg = Release|Any CPU
		{EC576E5A-D3F7-45AC-806D-7DE3265822DC}.Release|Any CPU.Build.0 = Release|Any CPU
	EndGlobalSection
	GlobalSection(SolutionProperties) = preSolution
		HideSolutionNode = FALSE
	EndGlobalSection
	GlobalSection(ExtensibilityGlobals) = postSolution
		SolutionGuid = {23D84B1B-0965-45F0-8BF7-ED5B6EB542F2}
	EndGlobalSection
EndGlobal
